
Microsoft Visual Studio Solution File, Format Version 12.00
# Visual Studio Version 17
VisualStudioVersion = 17.7.34024.191
MinimumVisualStudioVersion = 10.0.40219.1
Project("{FAE04EC0-301F-11D3-BF4B-00C04F79EFBC}") = "3lab", "3lab\3lab.csproj", "{D3D24FA7-B979-403A-B89E-98F40A29190F}"
EndProject
Global
	GlobalSection(SolutionConfigurationPlatforms) = preSolution
		Debug|Any CPU = Debug|Any CPU
		Release|Any CPU = Release|Any CPU
	EndGlobalSection
	GlobalSection(ProjectConfigurationPlatforms) = postSolution
		{D3D24FA7-B979-403A-B89E-98F40A29190F}.Debug|Any CPU.ActiveCfg = Debug|Any CPU
		{D3D24FA7-B979-403A-B89E-98F40A29190F}.Debug|Any CPU.Build.0 = Debug|Any CPU
		{D3D24FA7-B979-403A-B89E-98F40A29190F}.Release|Any CPU.ActiveCfg = Release|Any CPU
		{D3D24FA7-B979-403A-B89E-98F40A29190F}.Release|Any CPU.Build.0 = Release|Any CPU
	EndGlobalSection
	GlobalSection(SolutionProperties) = preSolution
		HideSolutionNode = FALSE
	EndGlobalSection
	GlobalSection(ExtensibilityGlobals) = postSolution
		SolutionGuid = {EBA6D5A1-E0C3-4177-A7A1-084543B5B1EE}
	EndGlobalSection
EndGlobal
